
Microsoft Visual Studio Solution File, Format Version 12.00
# Visual Studio Version 16
VisualStudioVersion = 16.0.30804.86
MinimumVisualStudioVersion = 10.0.40219.1
Project("{FAE04EC0-301F-11D3-BF4B-00C04F79EFBC}") = "do_an_framework", "do_an_framework\do_an_framework.csproj", "{6520EACF-3DF7-46D6-9C48-75D2B1E161F2}"
EndProject
Global
	GlobalSection(SolutionConfigurationPlatforms) = preSolution
		Debug|Any CPU = Debug|Any CPU
		Release|Any CPU = Release|Any CPU
	EndGlobalSection
	GlobalSection(ProjectConfigurationPlatforms) = postSolution
		{6520EACF-3DF7-46D6-9C48-75D2B1E161F2}.Debug|Any CPU.ActiveCfg = Debug|Any CPU
		{6520EACF-3DF7-46D6-9C48-75D2B1E161F2}.Debug|Any CPU.Build.0 = Debug|Any CPU
		{6520EACF-3DF7-46D6-9C48-75D2B1E161F2}.Release|Any CPU.ActiveCfg = Release|Any CPU
		{6520EACF-3DF7-46D6-9C48-75D2B1E161F2}.Release|Any CPU.Build.0 = Release|Any CPU
	EndGlobalSection
	GlobalSection(SolutionProperties) = preSolution
		HideSolutionNode = FALSE
	EndGlobalSection
	GlobalSection(ExtensibilityGlobals) = postSolution
		SolutionGuid = {228873F2-6EAA-423C-9E93-B20BF886460B}
	EndGlobalSection
EndGlobal
